// !$*UTF8*$!
{
	archiveVersion = 1;
	classes = {
	};
	objectVersion = 46;
	objects = {

/* Begin PBXBuildFile section */
		3CF42AC31F2418E200851806 /* AppDelegate.swift in Sources */ = {isa = PBXBuildFile; fileRef = 3CF42AC21F2418E200851806 /* AppDelegate.swift */; };
		3CF42AC51F2418E200851806 /* LoginViewController.swift in Sources */ = {isa = PBXBuildFile; fileRef = 3CF42AC41F2418E200851806 /* LoginViewController.swift */; };
		3CF42AC81F2418E200851806 /* Main.storyboard in Resources */ = {isa = PBXBuildFile; fileRef = 3CF42AC61F2418E200851806 /* Main.storyboard */; };
		3CF42ACB1F2418E200851806 /* GeoNotesApp.xcdatamodeld in Sources */ = {isa = PBXBuildFile; fileRef = 3CF42AC91F2418E200851806 /* GeoNotesApp.xcdatamodeld */; };
		3CF42ACD1F2418E200851806 /* Assets.xcassets in Resources */ = {isa = PBXBuildFile; fileRef = 3CF42ACC1F2418E200851806 /* Assets.xcassets */; };
		3CF42AD01F2418E200851806 /* LaunchScreen.storyboard in Resources */ = {isa = PBXBuildFile; fileRef = 3CF42ACE1F2418E200851806 /* LaunchScreen.storyboard */; };
		3CF42ADB1F2418E200851806 /* GeoNotesAppTests.swift in Sources */ = {isa = PBXBuildFile; fileRef = 3CF42ADA1F2418E200851806 /* GeoNotesAppTests.swift */; };
		3CF42AE61F2418E200851806 /* GeoNotesAppUITests.swift in Sources */ = {isa = PBXBuildFile; fileRef = 3CF42AE51F2418E200851806 /* GeoNotesAppUITests.swift */; };
/* End PBXBuildFile section */

/* Begin PBXContainerItemProxy section */
		3CF42AD71F2418E200851806 /* PBXContainerItemProxy */ = {
			isa = PBXContainerItemProxy;
			containerPortal = 3CF42AB71F2418E100851806 /* Project object */;
			proxyType = 1;
			remoteGlobalIDString = 3CF42ABE1F2418E100851806;
			remoteInfo = GeoNotesApp;
		};
		3CF42AE21F2418E200851806 /* PBXContainerItemProxy */ = {
			isa = PBXContainerItemProxy;
			containerPortal = 3CF42AB71F2418E100851806 /* Project object */;
			proxyType = 1;
			remoteGlobalIDString = 3CF42ABE1F2418E100851806;
			remoteInfo = GeoNotesApp;
		};
/* End PBXContainerItemProxy section */

/* Begin PBXFileReference section */
		3CF42ABF1F2418E200851806 /* GeoNotesApp.app */ = {isa = PBXFileReference; explicitFileType = wrapper.application; includeInIndex = 0; path = GeoNotesApp.app; sourceTree = BUILT_PRODUCTS_DIR; };
		3CF42AC21F2418E200851806 /* AppDelegate.swift */ = {isa = PBXFileReference; lastKnownFileType = sourcecode.swift; path = AppDelegate.swift; sourceTree = "<group>"; };
		3CF42AC41F2418E200851806 /* LoginViewController.swift */ = {isa = PBXFileReference; lastKnownFileType = sourcecode.swift; path = LoginViewController.swift; sourceTree = "<group>"; };
		3CF42AC71F2418E200851806 /* Base */ = {isa = PBXFileReference; lastKnownFileType = file.storyboard; name = Base; path = Base.lproj/Main.storyboard; sourceTree = "<group>"; };
		3CF42ACA1F2418E200851806 /* GeoNotesApp.xcdatamodel */ = {isa = PBXFileReference; lastKnownFileType = wrapper.xcdatamodel; path = GeoNotesApp.xcdatamodel; sourceTree = "<group>"; };
		3CF42ACC1F2418E200851806 /* Assets.xcassets */ = {isa = PBXFileReference; lastKnownFileType = folder.assetcatalog; path = Assets.xcassets; sourceTree = "<group>"; };
		3CF42ACF1F2418E200851806 /* Base */ = {isa = PBXFileReference; lastKnownFileType = file.storyboard; name = Base; path = Base.lproj/LaunchScreen.storyboard; sourceTree = "<group>"; };
		3CF42AD11F2418E200851806 /* Info.plist */ = {isa = PBXFileReference; lastKnownFileType = text.plist.xml; path = Info.plist; sourceTree = "<group>"; };
		3CF42AD61F2418E200851806 /* GeoNotesAppTests.xctest */ = {isa = PBXFileReference; explicitFileType = wrapper.cfbundle; includeInIndex = 0; path = GeoNotesAppTests.xctest; sourceTree = BUILT_PRODUCTS_DIR; };
		3CF42ADA1F2418E200851806 /* GeoNotesAppTests.swift */ = {isa = PBXFileReference; lastKnownFileType = sourcecode.swift; path = GeoNotesAppTests.swift; sourceTree = "<group>"; };
		3CF42ADC1F2418E200851806 /* Info.plist */ = {isa = PBXFileReference; lastKnownFileType = text.plist.xml; path = Info.plist; sourceTree = "<group>"; };
		3CF42AE11F2418E200851806 /* GeoNotesAppUITests.xctest */ = {isa = PBXFileReference; explicitFileType = wrapper.cfbundle; includeInIndex = 0; path = GeoNotesAppUITests.xctest; sourceTree = BUILT_PRODUCTS_DIR; };
		3CF42AE51F2418E200851806 /* GeoNotesAppUITests.swift */ = {isa = PBXFileReference; lastKnownFileType = sourcecode.swift; path = GeoNotesAppUITests.swift; sourceTree = "<group>"; };
		3CF42AE71F2418E200851806 /* Info.plist */ = {isa = PBXFileReference; lastKnownFileType = text.plist.xml; path = Info.plist; sourceTree = "<group>"; };
/* End PBXFileReference section */

/* Begin PBXFrameworksBuildPhase section */
		3CF42ABC1F2418E100851806 /* Frameworks */ = {
			isa = PBXFrameworksBuildPhase;
			buildActionMask = 2147483647;
			files = (
			);
			runOnlyForDeploymentPostprocessing = 0;
		};
		3CF42AD31F2418E200851806 /* Frameworks */ = {
			isa = PBXFrameworksBuildPhase;
			buildActionMask = 2147483647;
			files = (
			);
			runOnlyForDeploymentPostprocessing = 0;
		};
		3CF42ADE1F2418E200851806 /* Frameworks */ = {
			isa = PBXFrameworksBuildPhase;
			buildActionMask = 2147483647;
			files = (
			);
			runOnlyForDeploymentPostprocessing = 0;
		};
/* End PBXFrameworksBuildPhase section */

/* Begin PBXGroup section */
		3CF42AB61F2418E100851806 = {
			isa = PBXGroup;
			children = (
				3CF42AC11F2418E200851806 /* GeoNotesApp */,
				3CF42AD91F2418E200851806 /* GeoNotesAppTests */,
				3CF42AE41F2418E200851806 /* GeoNotesAppUITests */,
				3CF42AC01F2418E200851806 /* Products */,
			);
			sourceTree = "<group>";
		};
		3CF42AC01F2418E200851806 /* Products */ = {
			isa = PBXGroup;
			children = (
				3CF42ABF1F2418E200851806 /* GeoNotesApp.app */,
				3CF42AD61F2418E200851806 /* GeoNotesAppTests.xctest */,
				3CF42AE11F2418E200851806 /* GeoNotesAppUITests.xctest */,
			);
			name = Products;
			sourceTree = "<group>";
		};
		3CF42AC11F2418E200851806 /* GeoNotesApp */ = {
			isa = PBXGroup;
			children = (
				3CF42AC21F2418E200851806 /* AppDelegate.swift */,
				3CF42AC41F2418E200851806 /* LoginViewController.swift */,
				3CF42AC61F2418E200851806 /* Main.storyboard */,
				3CF42ACC1F2418E200851806 /* Assets.xcassets */,
				3CF42ACE1F2418E200851806 /* LaunchScreen.storyboard */,
				3CF42AD11F2418E200851806 /* Info.plist */,
				3CF42AC91F2418E200851806 /* GeoNotesApp.xcdatamodeld */,
			);
			path = GeoNotesApp;
			sourceTree = "<group>";
		};
		3CF42AD91F2418E200851806 /* GeoNotesAppTests */ = {
			isa = PBXGroup;
			children = (
				3CF42ADA1F2418E200851806 /* GeoNotesAppTests.swift */,
				3CF42ADC1F2418E200851806 /* Info.plist */,
			);
			path = GeoNotesAppTests;
			sourceTree = "<group>";
		};
		3CF42AE41F2418E200851806 /* GeoNotesAppUITests */ = {
			isa = PBXGroup;
			children = (
				3CF42AE51F2418E200851806 /* GeoNotesAppUITests.swift */,
				3CF42AE71F2418E200851806 /* Info.plist */,
			);
			path = GeoNotesAppUITests;
			sourceTree = "<group>";
		};
/* End PBXGroup section */

/* Begin PBXNativeTarget section */
		3CF42ABE1F2418E100851806 /* GeoNotesApp */ = {
			isa = PBXNativeTarget;
			buildConfigurationList = 3CF42AEA1F2418E200851806 /* Build configuration list for PBXNativeTarget "GeoNotesApp" */;
			buildPhases = (
				3CF42ABB1F2418E100851806 /* Sources */,
				3CF42ABC1F2418E100851806 /* Frameworks */,
				3CF42ABD1F2418E100851806 /* Resources */,
			);
			buildRules = (
			);
			dependencies = (
			);
			name = GeoNotesApp;
			productName = GeoNotesApp;
			productReference = 3CF42ABF1F2418E200851806 /* GeoNotesApp.app */;
			productType = "com.apple.product-type.application";
		};
		3CF42AD51F2418E200851806 /* GeoNotesAppTests */ = {
			isa = PBXNativeTarget;
			buildConfigurationList = 3CF42AED1F2418E200851806 /* Build configuration list for PBXNativeTarget "GeoNotesAppTests" */;
			buildPhases = (
				3CF42AD21F2418E200851806 /* Sources */,
				3CF42AD31F2418E200851806 /* Frameworks */,
				3CF42AD41F2418E200851806 /* Resources */,
			);
			buildRules = (
			);
			dependencies = (
				3CF42AD81F2418E200851806 /* PBXTargetDependency */,
			);
			name = GeoNotesAppTests;
			productName = GeoNotesAppTests;
			productReference = 3CF42AD61F2418E200851806 /* GeoNotesAppTests.xctest */;
			productType = "com.apple.product-type.bundle.unit-test";
		};
		3CF42AE01F2418E200851806 /* GeoNotesAppUITests */ = {
			isa = PBXNativeTarget;
			buildConfigurationList = 3CF42AF01F2418E200851806 /* Build configuration list for PBXNativeTarget "GeoNotesAppUITests" */;
			buildPhases = (
				3CF42ADD1F2418E200851806 /* Sources */,
				3CF42ADE1F2418E200851806 /* Frameworks */,
				3CF42ADF1F2418E200851806 /* Resources */,
			);
			buildRules = (
			);
			dependencies = (
				3CF42AE31F2418E200851806 /* PBXTargetDependency */,
			);
			name = GeoNotesAppUITests;
			productName = GeoNotesAppUITests;
			productReference = 3CF42AE11F2418E200851806 /* GeoNotesAppUITests.xctest */;
			productType = "com.apple.product-type.bundle.ui-testing";
		};
/* End PBXNativeTarget section */

/* Begin PBXProject section */
		3CF42AB71F2418E100851806 /* Project object */ = {
			isa = PBXProject;
			attributes = {
				LastSwiftUpdateCheck = 0830;
				LastUpgradeCheck = 0830;
				ORGANIZATIONNAME = "S Trq";
				TargetAttributes = {
					3CF42ABE1F2418E100851806 = {
						CreatedOnToolsVersion = 8.3.3;
						ProvisioningStyle = Automatic;
					};
					3CF42AD51F2418E200851806 = {
						CreatedOnToolsVersion = 8.3.3;
						ProvisioningStyle = Automatic;
						TestTargetID = 3CF42ABE1F2418E100851806;
					};
					3CF42AE01F2418E200851806 = {
						CreatedOnToolsVersion = 8.3.3;
						ProvisioningStyle = Automatic;
						TestTargetID = 3CF42ABE1F2418E100851806;
					};
				};
			};
			buildConfigurationList = 3CF42ABA1F2418E100851806 /* Build configuration list for PBXProject "GeoNotesApp" */;
			compatibilityVersion = "Xcode 3.2";
			developmentRegion = English;
			hasScannedForEncodings = 0;
			knownRegions = (
				en,
				Base,
			);
			mainGroup = 3CF42AB61F2418E100851806;
			productRefGroup = 3CF42AC01F2418E200851806 /* Products */;
			projectDirPath = "";
			projectRoot = "";
			targets = (
				3CF42ABE1F2418E100851806 /* GeoNotesApp */,
				3CF42AD51F2418E200851806 /* GeoNotesAppTests */,
				3CF42AE01F2418E200851806 /* GeoNotesAppUITests */,
			);
		};
/* End PBXProject section */

/* Begin PBXResourcesBuildPhase section */
		3CF42ABD1F2418E100851806 /* Resources */ = {
			isa = PBXResourcesBuildPhase;
			buildActionMask = 2147483647;
			files = (
				3CF42AD01F2418E200851806 /* LaunchScreen.storyboard in Resources */,
				3CF42ACD1F2418E200851806 /* Assets.xcassets in Resources */,
				3CF42AC81F2418E200851806 /* Main.storyboard in Resources */,
			);
			runOnlyForDeploymentPostprocessing = 0;
		};
		3CF42AD41F2418E200851806 /* Resources */ = {
			isa = PBXResourcesBuildPhase;
			buildActionMask = 2147483647;
			files = (
			);
			runOnlyForDeploymentPostprocessing = 0;
		};
		3CF42ADF1F2418E200851806 /* Resources */ = {
			isa = PBXResourcesBuildPhase;
			buildActionMask = 2147483647;
			files = (
			);
			runOnlyForDeploymentPostprocessing = 0;
		};
/* End PBXResourcesBuildPhase section */

/* Begin PBXSourcesBuildPhase section */
		3CF42ABB1F2418E100851806 /* Sources */ = {
			isa = PBXSourcesBuildPhase;
			buildActionMask = 2147483647;
			files = (
				3CF42AC51F2418E200851806 /* LoginViewController.swift in Sources */,
				3CF42ACB1F2418E200851806 /* GeoNotesApp.xcdatamodeld in Sources */,
				3CF42AC31F2418E200851806 /* AppDelegate.swift in Sources */,
			);
			runOnlyForDeploymentPostprocessing = 0;
		};
		3CF42AD21F2418E200851806 /* Sources */ = {
			isa = PBXSourcesBuildPhase;
			buildActionMask = 2147483647;
			files = (
				3CF42ADB1F2418E200851806 /* GeoNotesAppTests.swift in Sources */,
			);
			runOnlyForDeploymentPostprocessing = 0;
		};
		3CF42ADD1F2418E200851806 /* Sources */ = {
			isa = PBXSourcesBuildPhase;
			buildActionMask = 2147483647;
			files = (
				3CF42AE61F2418E200851806 /* GeoNotesAppUITests.swift in Sources */,
			);
			runOnlyForDeploymentPostprocessing = 0;
		};
/* End PBXSourcesBuildPhase section */

/* Begin PBXTargetDependency section */
		3CF42AD81F2418E200851806 /* PBXTargetDependency */ = {
			isa = PBXTargetDependency;
			target = 3CF42ABE1F2418E100851806 /* GeoNotesApp */;
			targetProxy = 3CF42AD71F2418E200851806 /* PBXContainerItemProxy */;
		};
		3CF42AE31F2418E200851806 /* PBXTargetDependency */ = {
			isa = PBXTargetDependency;
			target = 3CF42ABE1F2418E100851806 /* GeoNotesApp */;
			targetProxy = 3CF42AE21F2418E200851806 /* PBXContainerItemProxy */;
		};
/* End PBXTargetDependency section */

/* Begin PBXVariantGroup section */
		3CF42AC61F2418E200851806 /* Main.storyboard */ = {
			isa = PBXVariantGroup;
			children = (
				3CF42AC71F2418E200851806 /* Base */,
			);
			name = Main.storyboard;
			sourceTree = "<group>";
		};
		3CF42ACE1F2418E200851806 /* LaunchScreen.storyboard */ = {
			isa = PBXVariantGroup;
			children = (
				3CF42ACF1F2418E200851806 /* Base */,
			);
			name = LaunchScreen.storyboard;
			sourceTree = "<group>";
		};
/* End PBXVariantGroup section */

/* Begin XCBuildConfiguration section */
		3CF42AE81F2418E200851806 /* Debug */ = {
			isa = XCBuildConfiguration;
			buildSettings = {
				ALWAYS_SEARCH_USER_PATHS = NO;
				CLANG_ANALYZER_NONNULL = YES;
				CLANG_ANALYZER_NUMBER_OBJECT_CONVERSION = YES_AGGRESSIVE;
				CLANG_CXX_LANGUAGE_STANDARD = "gnu++0x";
				CLANG_CXX_LIBRARY = "libc++";
				CLANG_ENABLE_MODULES = YES;
				CLANG_ENABLE_OBJC_ARC = YES;
				CLANG_WARN_BOOL_CONVERSION = YES;
				CLANG_WARN_CONSTANT_CONVERSION = YES;
				CLANG_WARN_DIRECT_OBJC_ISA_USAGE = YES_ERROR;
				CLANG_WARN_DOCUMENTATION_COMMENTS = YES;
				CLANG_WARN_EMPTY_BODY = YES;
				CLANG_WARN_ENUM_CONVERSION = YES;
				CLANG_WARN_INFINITE_RECURSION = YES;
				CLANG_WARN_INT_CONVERSION = YES;
				CLANG_WARN_OBJC_ROOT_CLASS = YES_ERROR;
				CLANG_WARN_SUSPICIOUS_MOVE = YES;
				CLANG_WARN_UNREACHABLE_CODE = YES;
				CLANG_WARN__DUPLICATE_METHOD_MATCH = YES;
				"CODE_SIGN_IDENTITY[sdk=iphoneos*]" = "iPhone Developer";
				COPY_PHASE_STRIP = NO;
				DEBUG_INFORMATION_FORMAT = dwarf;
				ENABLE_STRICT_OBJC_MSGSEND = YES;
				ENABLE_TESTABILITY = YES;
				GCC_C_LANGUAGE_STANDARD = gnu99;
				GCC_DYNAMIC_NO_PIC = NO;
				GCC_NO_COMMON_BLOCKS = YES;
				GCC_OPTIMIZATION_LEVEL = 0;
				GCC_PREPROCESSOR_DEFINITIONS = (
					"DEBUG=1",
					"$(inherited)",
				);
				GCC_WARN_64_TO_32_BIT_CONVERSION = YES;
				GCC_WARN_ABOUT_RETURN_TYPE = YES_ERROR;
				GCC_WARN_UNDECLARED_SELECTOR = YES;
				GCC_WARN_UNINITIALIZED_AUTOS = YES_AGGRESSIVE;
				GCC_WARN_UNUSED_FUNCTION = YES;
				GCC_WARN_UNUSED_VARIABLE = YES;
				IPHONEOS_DEPLOYMENT_TARGET = 10.3;
				MTL_ENABLE_DEBUG_INFO = YES;
				ONLY_ACTIVE_ARCH = YES;
				SDKROOT = iphoneos;
				SWIFT_ACTIVE_COMPILATION_CONDITIONS = DEBUG;
				SWIFT_OPTIMIZATION_LEVEL = "-Onone";
				TARGETED_DEVICE_FAMILY = "1,2";
			};
			name = Debug;
		};
		3CF42AE91F2418E200851806 /* Release */ = {
			isa = XCBuildConfiguration;
			buildSettings = {
				ALWAYS_SEARCH_USER_PATHS = NO;
				CLANG_ANALYZER_NONNULL = YES;
				CLANG_ANALYZER_NUMBER_OBJECT_CONVERSION = YES_AGGRESSIVE;
				CLANG_CXX_LANGUAGE_STANDARD = "gnu++0x";
				CLANG_CXX_LIBRARY = "libc++";
				CLANG_ENABLE_MODULES = YES;
				CLANG_ENABLE_OBJC_ARC = YES;
				CLANG_WARN_BOOL_CONVERSION = YES;
				CLANG_WARN_CONSTANT_CONVERSION = YES;
				CLANG_WARN_DIRECT_OBJC_ISA_USAGE = YES_ERROR;
				CLANG_WARN_DOCUMENTATION_COMMENTS = YES;
				CLANG_WARN_EMPTY_BODY = YES;
				CLANG_WARN_ENUM_CONVERSION = YES;
				CLANG_WARN_INFINITE_RECURSION = YES;
				CLANG_WARN_INT_CONVERSION = YES;
				CLANG_WARN_OBJC_ROOT_CLASS = YES_ERROR;
				CLANG_WARN_SUSPICIOUS_MOVE = YES;
				CLANG_WARN_UNREACHABLE_CODE = YES;
				CLANG_WARN__DUPLICATE_METHOD_MATCH = YES;
				"CODE_SIGN_IDENTITY[sdk=iphoneos*]" = "iPhone Developer";
				COPY_PHASE_STRIP = NO;
				DEBUG_INFORMATION_FORMAT = "dwarf-with-dsym";
				ENABLE_NS_ASSERTIONS = NO;
				ENABLE_STRICT_OBJC_MSGSEND = YES;
				GCC_C_LANGUAGE_STANDARD = gnu99;
				GCC_NO_COMMON_BLOCKS = YES;
				GCC_WARN_64_TO_32_BIT_CONVERSION = YES;
				GCC_WARN_ABOUT_RETURN_TYPE = YES_ERROR;
				GCC_WARN_UNDECLARED_SELECTOR = YES;
				GCC_WARN_UNINITIALIZED_AUTOS = YES_AGGRESSIVE;
				GCC_WARN_UNUSED_FUNCTION = YES;
				GCC_WARN_UNUSED_VARIABLE = YES;
				IPHONEOS_DEPLOYMENT_TARGET = 10.3;
				MTL_ENABLE_DEBUG_INFO = NO;
				SDKROOT = iphoneos;
				SWIFT_OPTIMIZATION_LEVEL = "-Owholemodule";
				TARGETED_DEVICE_FAMILY = "1,2";
				VALIDATE_PRODUCT = YES;
			};
			name = Release;
		};
		3CF42AEB1F2418E200851806 /* Debug */ = {
			isa = XCBuildConfiguration;
			buildSettings = {
				ASSETCATALOG_COMPILER_APPICON_NAME = AppIcon;
				INFOPLIST_FILE = GeoNotesApp/Info.plist;
				LD_RUNPATH_SEARCH_PATHS = "$(inherited) @executable_path/Frameworks";
				PRODUCT_BUNDLE_IDENTIFIER = srtq.GeoNotesApp;
				PRODUCT_NAME = "$(TARGET_NAME)";
				SWIFT_VERSION = 3.0;
			};
			name = Debug;
		};
		3CF42AEC1F2418E200851806 /* Release */ = {
			isa = XCBuildConfiguration;
			buildSettings = {
				ASSETCATALOG_COMPILER_APPICON_NAME = AppIcon;
				INFOPLIST_FILE = GeoNotesApp/Info.plist;
				LD_RUNPATH_SEARCH_PATHS = "$(inherited) @executable_path/Frameworks";
				PRODUCT_BUNDLE_IDENTIFIER = srtq.GeoNotesApp;
				PRODUCT_NAME = "$(TARGET_NAME)";
				SWIFT_VERSION = 3.0;
			};
			name = Release;
		};
		3CF42AEE1F2418E200851806 /* Debug */ = {
			isa = XCBuildConfiguration;
			buildSettings = {
				ALWAYS_EMBED_SWIFT_STANDARD_LIBRARIES = YES;
				BUNDLE_LOADER = "$(TEST_HOST)";
				INFOPLIST_FILE = GeoNotesAppTests/Info.plist;
				LD_RUNPATH_SEARCH_PATHS = "$(inherited) @executable_path/Frameworks @loader_path/Frameworks";
				PRODUCT_BUNDLE_IDENTIFIER = srtq.GeoNotesAppTests;
				PRODUCT_NAME = "$(TARGET_NAME)";
				SWIFT_VERSION = 3.0;
				TEST_HOST = "$(BUILT_PRODUCTS_DIR)/GeoNotesApp.app/GeoNotesApp";
			};
			name = Debug;
		};
		3CF42AEF1F2418E200851806 /* Release */ = {
			isa = XCBuildConfiguration;
			buildSettings = {
				ALWAYS_EMBED_SWIFT_STANDARD_LIBRARIES = YES;
				BUNDLE_LOADER = "$(TEST_HOST)";
				INFOPLIST_FILE = GeoNotesAppTests/Info.plist;
				LD_RUNPATH_SEARCH_PATHS = "$(inherited) @executable_path/Frameworks @loader_path/Frameworks";
				PRODUCT_BUNDLE_IDENTIFIER = srtq.GeoNotesAppTests;
				PRODUCT_NAME = "$(TARGET_NAME)";
				SWIFT_VERSION = 3.0;
				TEST_HOST = "$(BUILT_PRODUCTS_DIR)/GeoNotesApp.app/GeoNotesApp";
			};
			name = Release;
		};
		3CF42AF11F2418E200851806 /* Debug */ = {
			isa = XCBuildConfiguration;
			buildSettings = {
				ALWAYS_EMBED_SWIFT_STANDARD_LIBRARIES = YES;
				INFOPLIST_FILE = GeoNotesAppUITests/Info.plist;
				LD_RUNPATH_SEARCH_PATHS = "$(inherited) @executable_path/Frameworks @loader_path/Frameworks";
				PRODUCT_BUNDLE_IDENTIFIER = srtq.GeoNotesAppUITests;
				PRODUCT_NAME = "$(TARGET_NAME)";
				SWIFT_VERSION = 3.0;
				TEST_TARGET_NAME = GeoNotesApp;
			};
			name = Debug;
		};
		3CF42AF21F2418E200851806 /* Release */ = {
			isa = XCBuildConfiguration;
			buildSettings = {
				ALWAYS_EMBED_SWIFT_STANDARD_LIBRARIES = YES;
				INFOPLIST_FILE = GeoNotesAppUITests/Info.plist;
				LD_RUNPATH_SEARCH_PATHS = "$(inherited) @executable_path/Frameworks @loader_path/Frameworks";
				PRODUCT_BUNDLE_IDENTIFIER = srtq.GeoNotesAppUITests;
				PRODUCT_NAME = "$(TARGET_NAME)";
				SWIFT_VERSION = 3.0;
				TEST_TARGET_NAME = GeoNotesApp;
			};
			name = Release;
		};
/* End XCBuildConfiguration section */

/* Begin XCConfigurationList section */
		3CF42ABA1F2418E100851806 /* Build configuration list for PBXProject "GeoNotesApp" */ = {
			isa = XCConfigurationList;
			buildConfigurations = (
				3CF42AE81F2418E200851806 /* Debug */,
				3CF42AE91F2418E200851806 /* Release */,
			);
			defaultConfigurationIsVisible = 0;
			defaultConfigurationName = Release;
		};
		3CF42AEA1F2418E200851806 /* Build configuration list for PBXNativeTarget "GeoNotesApp" */ = {
			isa = XCConfigurationList;
			buildConfigurations = (
				3CF42AEB1F2418E200851806 /* Debug */,
				3CF42AEC1F2418E200851806 /* Release */,
			);
			defaultConfigurationIsVisible = 0;
			defaultConfigurationName = Release;
		};
		3CF42AED1F2418E200851806 /* Build configuration list for PBXNativeTarget "GeoNotesAppTests" */ = {
			isa = XCConfigurationList;
			buildConfigurations = (
				3CF42AEE1F2418E200851806 /* Debug */,
				3CF42AEF1F2418E200851806 /* Release */,
			);
			defaultConfigurationIsVisible = 0;
			defaultConfigurationName = Release;
		};
		3CF42AF01F2418E200851806 /* Build configuration list for PBXNativeTarget "GeoNotesAppUITests" */ = {
			isa = XCConfigurationList;
			buildConfigurations = (
				3CF42AF11F2418E200851806 /* Debug */,
				3CF42AF21F2418E200851806 /* Release */,
			);
			defaultConfigurationIsVisible = 0;
			defaultConfigurationName = Release;
		};
/* End XCConfigurationList section */

/* Begin XCVersionGroup section */
		3CF42AC91F2418E200851806 /* GeoNotesApp.xcdatamodeld */ = {
			isa = XCVersionGroup;
			children = (
				3CF42ACA1F2418E200851806 /* GeoNotesApp.xcdatamodel */,
			);
			currentVersion = 3CF42ACA1F2418E200851806 /* GeoNotesApp.xcdatamodel */;
			path = GeoNotesApp.xcdatamodeld;
			sourceTree = "<group>";
			versionGroupType = wrapper.xcdatamodel;
		};
/* End XCVersionGroup section */
	};
	rootObject = 3CF42AB71F2418E100851806 /* Project object */;
}
